
Microsoft Visual Studio Solution File, Format Version 12.00
# Visual Studio 15
VisualStudioVersion = 15.0.28307.645
MinimumVisualStudioVersion = 10.0.40219.1
Project("{FAE04EC0-301F-11D3-BF4B-00C04F79EFBC}") = "DB", "DB\DB.csproj", "{DD467B4D-2313-4503-A2A6-E608E720995B}"
EndProject
Global
	GlobalSection(SolutionConfigurationPlatforms) = preSolution
		Debug|Any CPU = Debug|Any CPU
		Release|Any CPU = Release|Any CPU
	EndGlobalSection
	GlobalSection(ProjectConfigurationPlatforms) = postSolution
		{DD467B4D-2313-4503-A2A6-E608E720995B}.Debug|Any CPU.ActiveCfg = Debug|Any CPU
		{DD467B4D-2313-4503-A2A6-E608E720995B}.Debug|Any CPU.Build.0 = Debug|Any CPU
		{DD467B4D-2313-4503-A2A6-E608E720995B}.Release|Any CPU.ActiveCfg = Release|Any CPU
		{DD467B4D-2313-4503-A2A6-E608E720995B}.Release|Any CPU.Build.0 = Release|Any CPU
	EndGlobalSection
	GlobalSection(SolutionProperties) = preSolution
		HideSolutionNode = FALSE
	EndGlobalSection
	GlobalSection(ExtensibilityGlobals) = postSolution
		SolutionGuid = {7D380B3C-703D-470D-862C-9F56030F6EBD}
	EndGlobalSection
EndGlobal
